{
  "version": 4,
  "terraform_version": "1.8.5",
  "serial": 8,
  "lineage": "3df98971-fc34-e772-dcf3-b379583fd44d",
  "outputs": {},
  "resources": [
    {
      "mode": "managed",
      "type": "openstack_compute_instance_v2",
      "name": "test",
      "provider": "provider[\"registry.terraform.io/terraform-provider-openstack/openstack\"]",
      "instances": [
        {
          "index_key": 0,
          "schema_version": 0,
          "attributes": {
            "access_ip_v4": "172.24.4.198",
            "access_ip_v6": "[2001:db8::39d]",
            "admin_pass": null,
            "all_metadata": {},
            "all_tags": [],
            "availability_zone": "nova",
            "availability_zone_hints": null,
            "block_device": [],
            "config_drive": null,
            "created": "2024-06-21 21:25:50 +0000 UTC",
            "flavor_id": "1",
            "flavor_name": "m1.tiny",
            "floating_ip": null,
            "force_delete": false,
            "id": "a49cbc50-b89e-4f51-a971-51f6d5145b54",
            "image_id": "200129b1-d851-4f93-9a2b-6535d85514db",
            "image_name": "cirros-0.6.2-x86_64-disk",
            "key_pair": "my-key",
            "metadata": null,
            "name": "test-0",
            "network": [
              {
                "access_network": false,
                "fixed_ip_v4": "172.24.4.198",
                "fixed_ip_v6": "[2001:db8::39d]",
                "floating_ip": "",
                "mac": "fa:16:3e:0e:a8:97",
                "name": "public",
                "port": "",
                "uuid": "24feef94-42f2-4fcc-99e5-0664f804058e"
              }
            ],
            "network_mode": null,
            "personality": [],
            "power_state": "active",
            "region": "",
            "scheduler_hints": [],
            "security_groups": [
              "default"
            ],
            "stop_before_destroy": false,
            "tags": null,
            "timeouts": null,
            "updated": "2024-06-21 21:26:04 +0000 UTC",
            "user_data": null,
            "vendor_options": [],
            "volume": []
          },
          "sensitive_attributes": [
            [
              {
                "type": "get_attr",
                "value": "admin_pass"
              }
            ]
          ],
          "private": "eyJlMmJmYjczMC1lY2FhLTExZTYtOGY4OC0zNDM2M2JjN2M0YzAiOnsiY3JlYXRlIjoxODAwMDAwMDAwMDAwLCJkZWxldGUiOjE4MDAwMDAwMDAwMDAsInVwZGF0ZSI6MTgwMDAwMDAwMDAwMH19",
          "dependencies": [
            "openstack_compute_keypair_v2.my-cloud-key"
          ]
        },
        {
          "index_key": 1,
          "schema_version": 0,
          "attributes": {
            "access_ip_v4": "172.24.4.41",
            "access_ip_v6": "[2001:db8::396]",
            "admin_pass": null,
            "all_metadata": {},
            "all_tags": [],
            "availability_zone": "nova",
            "availability_zone_hints": null,
            "block_device": [],
            "config_drive": null,
            "created": "2024-06-21 21:25:50 +0000 UTC",
            "flavor_id": "1",
            "flavor_name": "m1.tiny",
            "floating_ip": null,
            "force_delete": false,
            "id": "23820ba9-ef63-47f5-9e2f-b3ef16206941",
            "image_id": "200129b1-d851-4f93-9a2b-6535d85514db",
            "image_name": "cirros-0.6.2-x86_64-disk",
            "key_pair": "my-key",
            "metadata": null,
            "name": "test-1",
            "network": [
              {
                "access_network": false,
                "fixed_ip_v4": "172.24.4.41",
                "fixed_ip_v6": "[2001:db8::396]",
                "floating_ip": "",
                "mac": "fa:16:3e:a4:1a:60",
                "name": "public",
                "port": "",
                "uuid": "24feef94-42f2-4fcc-99e5-0664f804058e"
              }
            ],
            "network_mode": null,
            "personality": [],
            "power_state": "active",
            "region": "",
            "scheduler_hints": [],
            "security_groups": [
              "default"
            ],
            "stop_before_destroy": false,
            "tags": null,
            "timeouts": null,
            "updated": "2024-06-21 21:26:07 +0000 UTC",
            "user_data": null,
            "vendor_options": [],
            "volume": []
          },
          "sensitive_attributes": [
            [
              {
                "type": "get_attr",
                "value": "admin_pass"
              }
            ]
          ],
          "private": "eyJlMmJmYjczMC1lY2FhLTExZTYtOGY4OC0zNDM2M2JjN2M0YzAiOnsiY3JlYXRlIjoxODAwMDAwMDAwMDAwLCJkZWxldGUiOjE4MDAwMDAwMDAwMDAsInVwZGF0ZSI6MTgwMDAwMDAwMDAwMH19",
          "dependencies": [
            "openstack_compute_keypair_v2.my-cloud-key"
          ]
        }
      ]
    },
    {
      "mode": "managed",
      "type": "openstack_compute_keypair_v2",
      "name": "my-cloud-key",
      "provider": "provider[\"registry.terraform.io/terraform-provider-openstack/openstack\"]",
      "instances": [
        {
          "schema_version": 0,
          "attributes": {
            "fingerprint": "60:0f:33:6f:18:59:c2:91:ce:62:d1:09:e9:85:57:5f",
            "id": "my-key",
            "name": "my-key",
            "private_key": "",
            "public_key": "ssh-rsa AAAAB3NzaC1yc2EAAAADAQABAAABAQCXZ5VIxnptxwdUBCwZScwzOJUFDbbTRgdLcXDpX2kcmPhdosi1k5PU9BtEIQwR9c+xmmP2TPs2DnUGZ+tNzuxX+MSzVLf2l9l+mHlolpfDAZ/fguK59+q+hcyIAgO7yN6Huh7+rlQBj9cghclG5EjAXH7FlDE4U8lZRW4dHsP/bfjnV5dI1uyD37hAijzubnku+F8SfuVVP0Kc8tZZ2H1nzDTep1HUU+QytOrZj6NbrzA/rEsm4Vo3/+FxeZk0egXcDm9beoqnBPPUMuVQNaq4acMsAxm/I6vTBmAqP9qV3zWnCy2qEfEazrCCAUop20eOzq8iaypfZYjf0UUYm9A7 Generated-by-Nova",
            "region": "",
            "user_id": "",
            "value_specs": null
          },
          "sensitive_attributes": [
            [
              {
                "type": "get_attr",
                "value": "private_key"
              }
            ]
          ],
          "private": "bnVsbA=="
        }
      ]
    }
  ],
  "check_results": null
}
